
Microsoft Visual Studio Solution File, Format Version 12.00
Project("{FAE04EC0-301F-11D3-BF4B-00C04F79EFBC}") = "IrregularMachine", "IrregularMachine.csproj", "{C74A907B-660C-425E-AD8A-8F240F2CFB38}"
EndProject
Global
	GlobalSection(SolutionConfigurationPlatforms) = preSolution
		Debug|Any CPU = Debug|Any CPU
		Release|Any CPU = Release|Any CPU
	EndGlobalSection
	GlobalSection(ProjectConfigurationPlatforms) = postSolution
		{C74A907B-660C-425E-AD8A-8F240F2CFB38}.Debug|Any CPU.ActiveCfg = Debug|Any CPU
		{C74A907B-660C-425E-AD8A-8F240F2CFB38}.Debug|Any CPU.Build.0 = Debug|Any CPU
		{C74A907B-660C-425E-AD8A-8F240F2CFB38}.Release|Any CPU.ActiveCfg = Release|Any CPU
		{C74A907B-660C-425E-AD8A-8F240F2CFB38}.Release|Any CPU.Build.0 = Release|Any CPU
	EndGlobalSection
EndGlobal
